// !$*UTF8*$!
{
	archiveVersion = 1;
	classes = {
	};
	objectVersion = 46;
	objects = {

/* Begin PBXBuildFile section */
		B5D647E81AA750DA00BB90A4 /* KSPFetchedResultsController.m in Sources */ = {isa = PBXBuildFile; fileRef = B525DA411A7D1A1E0036E346 /* KSPFetchedResultsController.m */; };
		B5D647E91AA750DD00BB90A4 /* KSPTableSection.m in Sources */ = {isa = PBXBuildFile; fileRef = B525DA4C1A7D1A1E0036E346 /* KSPTableSection.m */; };
		B5D647EA1AA750DF00BB90A4 /* KSPSectionedFetchedResultsController.m in Sources */ = {isa = PBXBuildFile; fileRef = B525DA481A7D1A1E0036E346 /* KSPSectionedFetchedResultsController.m */; };
		B5D647EB1AA750E200BB90A4 /* KSPTableSection+Mirroring.m in Sources */ = {isa = PBXBuildFile; fileRef = B525DA4E1A7D1A1E0036E346 /* KSPTableSection+Mirroring.m */; };
		B5D647EC1AA750E500BB90A4 /* KSPMirroredSectionedFetchedResultsController.m in Sources */ = {isa = PBXBuildFile; fileRef = B525DA461A7D1A1E0036E346 /* KSPMirroredSectionedFetchedResultsController.m */; };
		B5D647F61AA752BA00BB90A4 /* KSPFetchedResultsControllerTests.m in Sources */ = {isa = PBXBuildFile; fileRef = B5D647F51AA752BA00BB90A4 /* KSPFetchedResultsControllerTests.m */; };
		B5D647F71AA752BA00BB90A4 /* libKSPFetchedResultsController.dylib in Frameworks */ = {isa = PBXBuildFile; fileRef = B5D647D01AA750A300BB90A4 /* libKSPFetchedResultsController.dylib */; };
/* End PBXBuildFile section */

/* Begin PBXContainerItemProxy section */
		B5D647F81AA752BA00BB90A4 /* PBXContainerItemProxy */ = {
			isa = PBXContainerItemProxy;
			containerPortal = B525DA3A1A7D19F70036E346 /* Project object */;
			proxyType = 1;
			remoteGlobalIDString = B5D647CF1AA750A300BB90A4;
			remoteInfo = KSPFetchedResultsController;
		};
/* End PBXContainerItemProxy section */

/* Begin PBXFileReference section */
		B525DA401A7D1A1E0036E346 /* KSPFetchedResultsController.h */ = {isa = PBXFileReference; lastKnownFileType = sourcecode.c.h; path = KSPFetchedResultsController.h; sourceTree = "<group>"; };
		B525DA411A7D1A1E0036E346 /* KSPFetchedResultsController.m */ = {isa = PBXFileReference; lastKnownFileType = sourcecode.c.objc; path = KSPFetchedResultsController.m; sourceTree = "<group>"; };
		B525DA421A7D1A1E0036E346 /* KSPFetchedResultsController.podspec */ = {isa = PBXFileReference; lastKnownFileType = text; path = KSPFetchedResultsController.podspec; sourceTree = "<group>"; };
		B525DA431A7D1A1E0036E346 /* KSPFetchedResultsController+Private.h */ = {isa = PBXFileReference; lastKnownFileType = sourcecode.c.h; path = "KSPFetchedResultsController+Private.h"; sourceTree = "<group>"; };
		B525DA441A7D1A1E0036E346 /* KSPFetchedResultsControllerDelegate.h */ = {isa = PBXFileReference; lastKnownFileType = sourcecode.c.h; path = KSPFetchedResultsControllerDelegate.h; sourceTree = "<group>"; };
		B525DA451A7D1A1E0036E346 /* KSPMirroredSectionedFetchedResultsController.h */ = {isa = PBXFileReference; lastKnownFileType = sourcecode.c.h; path = KSPMirroredSectionedFetchedResultsController.h; sourceTree = "<group>"; };
		B525DA461A7D1A1E0036E346 /* KSPMirroredSectionedFetchedResultsController.m */ = {isa = PBXFileReference; lastKnownFileType = sourcecode.c.objc; path = KSPMirroredSectionedFetchedResultsController.m; sourceTree = "<group>"; };
		B525DA471A7D1A1E0036E346 /* KSPSectionedFetchedResultsController.h */ = {isa = PBXFileReference; lastKnownFileType = sourcecode.c.h; path = KSPSectionedFetchedResultsController.h; sourceTree = "<group>"; };
		B525DA481A7D1A1E0036E346 /* KSPSectionedFetchedResultsController.m */ = {isa = PBXFileReference; lastKnownFileType = sourcecode.c.objc; path = KSPSectionedFetchedResultsController.m; sourceTree = "<group>"; };
		B525DA491A7D1A1E0036E346 /* KSPSectionedFetchedResultsController+Private.h */ = {isa = PBXFileReference; lastKnownFileType = sourcecode.c.h; path = "KSPSectionedFetchedResultsController+Private.h"; sourceTree = "<group>"; };
		B525DA4A1A7D1A1E0036E346 /* KSPSectionedFetchedResultsControllerDelegate.h */ = {isa = PBXFileReference; lastKnownFileType = sourcecode.c.h; path = KSPSectionedFetchedResultsControllerDelegate.h; sourceTree = "<group>"; };
		B525DA4B1A7D1A1E0036E346 /* KSPTableSection.h */ = {isa = PBXFileReference; lastKnownFileType = sourcecode.c.h; path = KSPTableSection.h; sourceTree = "<group>"; };
		B525DA4C1A7D1A1E0036E346 /* KSPTableSection.m */ = {isa = PBXFileReference; lastKnownFileType = sourcecode.c.objc; path = KSPTableSection.m; sourceTree = "<group>"; };
		B525DA4D1A7D1A1E0036E346 /* KSPTableSection+Mirroring.h */ = {isa = PBXFileReference; lastKnownFileType = sourcecode.c.h; path = "KSPTableSection+Mirroring.h"; sourceTree = "<group>"; };
		B525DA4E1A7D1A1E0036E346 /* KSPTableSection+Mirroring.m */ = {isa = PBXFileReference; lastKnownFileType = sourcecode.c.objc; path = "KSPTableSection+Mirroring.m"; sourceTree = "<group>"; };
		B525DA4F1A7D1A1E0036E346 /* KSPTableSection+Private.h */ = {isa = PBXFileReference; lastKnownFileType = sourcecode.c.h; path = "KSPTableSection+Private.h"; sourceTree = "<group>"; };
		B525DA501A7D1A1E0036E346 /* License.md */ = {isa = PBXFileReference; lastKnownFileType = net.daringfireball.markdown; path = License.md; sourceTree = "<group>"; };
		B525DA511A7D1A1E0036E346 /* Readme.md */ = {isa = PBXFileReference; lastKnownFileType = net.daringfireball.markdown; path = Readme.md; sourceTree = "<group>"; };
		B5D647D01AA750A300BB90A4 /* libKSPFetchedResultsController.dylib */ = {isa = PBXFileReference; explicitFileType = "compiled.mach-o.dylib"; includeInIndex = 0; path = libKSPFetchedResultsController.dylib; sourceTree = BUILT_PRODUCTS_DIR; };
		B5D647F11AA752BA00BB90A4 /* KSPFetchedResultsController Tests.xctest */ = {isa = PBXFileReference; explicitFileType = wrapper.cfbundle; includeInIndex = 0; path = "KSPFetchedResultsController Tests.xctest"; sourceTree = BUILT_PRODUCTS_DIR; };
		B5D647F41AA752BA00BB90A4 /* KSPFetchedResultsControllerTests-Info.plist */ = {isa = PBXFileReference; lastKnownFileType = text.plist.xml; path = "KSPFetchedResultsControllerTests-Info.plist"; sourceTree = "<group>"; };
		B5D647F51AA752BA00BB90A4 /* KSPFetchedResultsControllerTests.m */ = {isa = PBXFileReference; lastKnownFileType = sourcecode.c.objc; path = KSPFetchedResultsControllerTests.m; sourceTree = "<group>"; };
/* End PBXFileReference section */

/* Begin PBXFrameworksBuildPhase section */
		B5D647CD1AA750A300BB90A4 /* Frameworks */ = {
			isa = PBXFrameworksBuildPhase;
			buildActionMask = 2147483647;
			files = (
			);
			runOnlyForDeploymentPostprocessing = 0;
		};
		B5D647EE1AA752BA00BB90A4 /* Frameworks */ = {
			isa = PBXFrameworksBuildPhase;
			buildActionMask = 2147483647;
			files = (
				B5D647F71AA752BA00BB90A4 /* libKSPFetchedResultsController.dylib in Frameworks */,
			);
			runOnlyForDeploymentPostprocessing = 0;
		};
/* End PBXFrameworksBuildPhase section */

/* Begin PBXGroup section */
		B525DA391A7D19F70036E346 = {
			isa = PBXGroup;
			children = (
				B525DA541A7D1A4A0036E346 /* KSPFetchedResultsController */,
				B525DA521A7D1A2D0036E346 /* KSPSectionedFetchedResultsController */,
				B525DA531A7D1A3E0036E346 /* KSPMirroredSectionedFetchedResultsController */,
				B525DA571A7D1AA30036E346 /* Resources */,
				B5D647F21AA752BA00BB90A4 /* KSPFetchedResultsController Tests */,
				B5D647D11AA750A300BB90A4 /* Products */,
			);
			sourceTree = "<group>";
		};
		B525DA521A7D1A2D0036E346 /* KSPSectionedFetchedResultsController */ = {
			isa = PBXGroup;
			children = (
				B525DA551A7D1A860036E346 /* KSPTableSection */,
				B525DA4A1A7D1A1E0036E346 /* KSPSectionedFetchedResultsControllerDelegate.h */,
				B525DA471A7D1A1E0036E346 /* KSPSectionedFetchedResultsController.h */,
				B525DA491A7D1A1E0036E346 /* KSPSectionedFetchedResultsController+Private.h */,
				B525DA481A7D1A1E0036E346 /* KSPSectionedFetchedResultsController.m */,
			);
			name = KSPSectionedFetchedResultsController;
			sourceTree = "<group>";
		};
		B525DA531A7D1A3E0036E346 /* KSPMirroredSectionedFetchedResultsController */ = {
			isa = PBXGroup;
			children = (
				B525DA561A7D1A930036E346 /* KSPTableSection+Mirroring */,
				B525DA451A7D1A1E0036E346 /* KSPMirroredSectionedFetchedResultsController.h */,
				B525DA461A7D1A1E0036E346 /* KSPMirroredSectionedFetchedResultsController.m */,
			);
			name = KSPMirroredSectionedFetchedResultsController;
			sourceTree = "<group>";
		};
		B525DA541A7D1A4A0036E346 /* KSPFetchedResultsController */ = {
			isa = PBXGroup;
			children = (
				B525DA441A7D1A1E0036E346 /* KSPFetchedResultsControllerDelegate.h */,
				B525DA401A7D1A1E0036E346 /* KSPFetchedResultsController.h */,
				B525DA431A7D1A1E0036E346 /* KSPFetchedResultsController+Private.h */,
				B525DA411A7D1A1E0036E346 /* KSPFetchedResultsController.m */,
			);
			name = KSPFetchedResultsController;
			sourceTree = "<group>";
		};
		B525DA551A7D1A860036E346 /* KSPTableSection */ = {
			isa = PBXGroup;
			children = (
				B525DA4B1A7D1A1E0036E346 /* KSPTableSection.h */,
				B525DA4F1A7D1A1E0036E346 /* KSPTableSection+Private.h */,
				B525DA4C1A7D1A1E0036E346 /* KSPTableSection.m */,
			);
			name = KSPTableSection;
			sourceTree = "<group>";
		};
		B525DA561A7D1A930036E346 /* KSPTableSection+Mirroring */ = {
			isa = PBXGroup;
			children = (
				B525DA4D1A7D1A1E0036E346 /* KSPTableSection+Mirroring.h */,
				B525DA4E1A7D1A1E0036E346 /* KSPTableSection+Mirroring.m */,
			);
			name = "KSPTableSection+Mirroring";
			sourceTree = "<group>";
		};
		B525DA571A7D1AA30036E346 /* Resources */ = {
			isa = PBXGroup;
			children = (
				B525DA421A7D1A1E0036E346 /* KSPFetchedResultsController.podspec */,
				B525DA511A7D1A1E0036E346 /* Readme.md */,
				B525DA501A7D1A1E0036E346 /* License.md */,
			);
			name = Resources;
			sourceTree = "<group>";
		};
		B5D647D11AA750A300BB90A4 /* Products */ = {
			isa = PBXGroup;
			children = (
				B5D647D01AA750A300BB90A4 /* libKSPFetchedResultsController.dylib */,
				B5D647F11AA752BA00BB90A4 /* KSPFetchedResultsController Tests.xctest */,
			);
			name = Products;
			sourceTree = "<group>";
		};
		B5D647F21AA752BA00BB90A4 /* KSPFetchedResultsController Tests */ = {
			isa = PBXGroup;
			children = (
				B5D647F51AA752BA00BB90A4 /* KSPFetchedResultsControllerTests.m */,
				B5D647F41AA752BA00BB90A4 /* KSPFetchedResultsControllerTests-Info.plist */,
			);
			name = "KSPFetchedResultsController Tests";
			sourceTree = "<group>";
		};
/* End PBXGroup section */

/* Begin PBXHeadersBuildPhase section */
		B5D647CE1AA750A300BB90A4 /* Headers */ = {
			isa = PBXHeadersBuildPhase;
			buildActionMask = 2147483647;
			files = (
			);
			runOnlyForDeploymentPostprocessing = 0;
		};
/* End PBXHeadersBuildPhase section */

/* Begin PBXNativeTarget section */
		B5D647CF1AA750A300BB90A4 /* KSPFetchedResultsController */ = {
			isa = PBXNativeTarget;
			buildConfigurationList = B5D647E61AA750A300BB90A4 /* Build configuration list for PBXNativeTarget "KSPFetchedResultsController" */;
			buildPhases = (
				B5D647CC1AA750A300BB90A4 /* Sources */,
				B5D647CD1AA750A300BB90A4 /* Frameworks */,
				B5D647CE1AA750A300BB90A4 /* Headers */,
			);
			buildRules = (
			);
			dependencies = (
			);
			name = KSPFetchedResultsController;
			productName = KSPFetchedResultsController;
			productReference = B5D647D01AA750A300BB90A4 /* libKSPFetchedResultsController.dylib */;
			productType = "com.apple.product-type.library.dynamic";
		};
		B5D647F01AA752BA00BB90A4 /* KSPFetchedResultsController Tests */ = {
			isa = PBXNativeTarget;
			buildConfigurationList = B5D647FA1AA752BA00BB90A4 /* Build configuration list for PBXNativeTarget "KSPFetchedResultsController Tests" */;
			buildPhases = (
				B5D647ED1AA752BA00BB90A4 /* Sources */,
				B5D647EE1AA752BA00BB90A4 /* Frameworks */,
				B5D647EF1AA752BA00BB90A4 /* Resources */,
			);
			buildRules = (
			);
			dependencies = (
				B5D647F91AA752BA00BB90A4 /* PBXTargetDependency */,
			);
			name = "KSPFetchedResultsController Tests";
			productName = "KSPFetchedResultsController Tests";
			productReference = B5D647F11AA752BA00BB90A4 /* KSPFetchedResultsController Tests.xctest */;
			productType = "com.apple.product-type.bundle.unit-test";
		};
/* End PBXNativeTarget section */

/* Begin PBXProject section */
		B525DA3A1A7D19F70036E346 /* Project object */ = {
			isa = PBXProject;
			attributes = {
				LastUpgradeCheck = 0610;
				TargetAttributes = {
					B5D647CF1AA750A300BB90A4 = {
						CreatedOnToolsVersion = 6.3;
					};
					B5D647F01AA752BA00BB90A4 = {
						CreatedOnToolsVersion = 6.3;
					};
				};
			};
			buildConfigurationList = B525DA3D1A7D19F70036E346 /* Build configuration list for PBXProject "KSPFetchedResultsController" */;
			compatibilityVersion = "Xcode 3.2";
			developmentRegion = English;
			hasScannedForEncodings = 0;
			knownRegions = (
				en,
			);
			mainGroup = B525DA391A7D19F70036E346;
			productRefGroup = B5D647D11AA750A300BB90A4 /* Products */;
			projectDirPath = "";
			projectRoot = "";
			targets = (
				B5D647CF1AA750A300BB90A4 /* KSPFetchedResultsController */,
				B5D647F01AA752BA00BB90A4 /* KSPFetchedResultsController Tests */,
			);
		};
/* End PBXProject section */

/* Begin PBXResourcesBuildPhase section */
		B5D647EF1AA752BA00BB90A4 /* Resources */ = {
			isa = PBXResourcesBuildPhase;
			buildActionMask = 2147483647;
			files = (
			);
			runOnlyForDeploymentPostprocessing = 0;
		};
/* End PBXResourcesBuildPhase section */

/* Begin PBXSourcesBuildPhase section */
		B5D647CC1AA750A300BB90A4 /* Sources */ = {
			isa = PBXSourcesBuildPhase;
			buildActionMask = 2147483647;
			files = (
				B5D647E81AA750DA00BB90A4 /* KSPFetchedResultsController.m in Sources */,
				B5D647E91AA750DD00BB90A4 /* KSPTableSection.m in Sources */,
				B5D647EA1AA750DF00BB90A4 /* KSPSectionedFetchedResultsController.m in Sources */,
				B5D647EB1AA750E200BB90A4 /* KSPTableSection+Mirroring.m in Sources */,
				B5D647EC1AA750E500BB90A4 /* KSPMirroredSectionedFetchedResultsController.m in Sources */,
			);
			runOnlyForDeploymentPostprocessing = 0;
		};
		B5D647ED1AA752BA00BB90A4 /* Sources */ = {
			isa = PBXSourcesBuildPhase;
			buildActionMask = 2147483647;
			files = (
				B5D647F61AA752BA00BB90A4 /* KSPFetchedResultsControllerTests.m in Sources */,
			);
			runOnlyForDeploymentPostprocessing = 0;
		};
/* End PBXSourcesBuildPhase section */

/* Begin PBXTargetDependency section */
		B5D647F91AA752BA00BB90A4 /* PBXTargetDependency */ = {
			isa = PBXTargetDependency;
			target = B5D647CF1AA750A300BB90A4 /* KSPFetchedResultsController */;
			targetProxy = B5D647F81AA752BA00BB90A4 /* PBXContainerItemProxy */;
		};
/* End PBXTargetDependency section */

/* Begin XCBuildConfiguration section */
		B525DA3E1A7D19F70036E346 /* Debug */ = {
			isa = XCBuildConfiguration;
			buildSettings = {
			};
			name = Debug;
		};
		B525DA3F1A7D19F70036E346 /* Release */ = {
			isa = XCBuildConfiguration;
			buildSettings = {
			};
			name = Release;
		};
		B5D647E21AA750A300BB90A4 /* Debug */ = {
			isa = XCBuildConfiguration;
			buildSettings = {
				ALWAYS_SEARCH_USER_PATHS = NO;
				CLANG_CXX_LANGUAGE_STANDARD = "gnu++0x";
				CLANG_CXX_LIBRARY = "libc++";
				CLANG_ENABLE_MODULES = YES;
				CLANG_ENABLE_OBJC_ARC = YES;
				CLANG_WARN_BOOL_CONVERSION = YES;
				CLANG_WARN_CONSTANT_CONVERSION = YES;
				CLANG_WARN_DIRECT_OBJC_ISA_USAGE = YES_ERROR;
				CLANG_WARN_EMPTY_BODY = YES;
				CLANG_WARN_ENUM_CONVERSION = YES;
				CLANG_WARN_INT_CONVERSION = YES;
				CLANG_WARN_OBJC_ROOT_CLASS = YES_ERROR;
				CLANG_WARN_UNREACHABLE_CODE = YES;
				CLANG_WARN__DUPLICATE_METHOD_MATCH = YES;
				COPY_PHASE_STRIP = NO;
				DEBUG_INFORMATION_FORMAT = dwarf;
				DYLIB_COMPATIBILITY_VERSION = 1;
				DYLIB_CURRENT_VERSION = 1;
				ENABLE_STRICT_OBJC_MSGSEND = YES;
				EXECUTABLE_PREFIX = lib;
				GCC_C_LANGUAGE_STANDARD = gnu99;
				GCC_DYNAMIC_NO_PIC = NO;
				GCC_NO_COMMON_BLOCKS = YES;
				GCC_OPTIMIZATION_LEVEL = 0;
				GCC_PREPROCESSOR_DEFINITIONS = (
					"DEBUG=1",
					"$(inherited)",
				);
				GCC_SYMBOLS_PRIVATE_EXTERN = NO;
				GCC_WARN_64_TO_32_BIT_CONVERSION = YES;
				GCC_WARN_ABOUT_RETURN_TYPE = YES_ERROR;
				GCC_WARN_UNDECLARED_SELECTOR = YES;
				GCC_WARN_UNINITIALIZED_AUTOS = YES_AGGRESSIVE;
				GCC_WARN_UNUSED_FUNCTION = YES;
				GCC_WARN_UNUSED_VARIABLE = YES;
				MACOSX_DEPLOYMENT_TARGET = 10.10;
				MTL_ENABLE_DEBUG_INFO = YES;
				ONLY_ACTIVE_ARCH = YES;
				PRODUCT_NAME = "$(TARGET_NAME)";
				SDKROOT = macosx;
			};
			name = Debug;
		};
		B5D647E31AA750A300BB90A4 /* Release */ = {
			isa = XCBuildConfiguration;
			buildSettings = {
				ALWAYS_SEARCH_USER_PATHS = NO;
				CLANG_CXX_LANGUAGE_STANDARD = "gnu++0x";
				CLANG_CXX_LIBRARY = "libc++";
				CLANG_ENABLE_MODULES = YES;
				CLANG_ENABLE_OBJC_ARC = YES;
				CLANG_WARN_BOOL_CONVERSION = YES;
				CLANG_WARN_CONSTANT_CONVERSION = YES;
				CLANG_WARN_DIRECT_OBJC_ISA_USAGE = YES_ERROR;
				CLANG_WARN_EMPTY_BODY = YES;
				CLANG_WARN_ENUM_CONVERSION = YES;
				CLANG_WARN_INT_CONVERSION = YES;
				CLANG_WARN_OBJC_ROOT_CLASS = YES_ERROR;
				CLANG_WARN_UNREACHABLE_CODE = YES;
				CLANG_WARN__DUPLICATE_METHOD_MATCH = YES;
				COPY_PHASE_STRIP = NO;
				DEBUG_INFORMATION_FORMAT = "dwarf-with-dsym";
				DYLIB_COMPATIBILITY_VERSION = 1;
				DYLIB_CURRENT_VERSION = 1;
				ENABLE_NS_ASSERTIONS = NO;
				ENABLE_STRICT_OBJC_MSGSEND = YES;
				EXECUTABLE_PREFIX = lib;
				GCC_C_LANGUAGE_STANDARD = gnu99;
				GCC_NO_COMMON_BLOCKS = YES;
				GCC_WARN_64_TO_32_BIT_CONVERSION = YES;
				GCC_WARN_ABOUT_RETURN_TYPE = YES_ERROR;
				GCC_WARN_UNDECLARED_SELECTOR = YES;
				GCC_WARN_UNINITIALIZED_AUTOS = YES_AGGRESSIVE;
				GCC_WARN_UNUSED_FUNCTION = YES;
				GCC_WARN_UNUSED_VARIABLE = YES;
				MACOSX_DEPLOYMENT_TARGET = 10.10;
				MTL_ENABLE_DEBUG_INFO = NO;
				PRODUCT_NAME = "$(TARGET_NAME)";
				SDKROOT = macosx;
			};
			name = Release;
		};
		B5D647FB1AA752BA00BB90A4 /* Debug */ = {
			isa = XCBuildConfiguration;
			buildSettings = {
				ALWAYS_SEARCH_USER_PATHS = NO;
				CLANG_CXX_LANGUAGE_STANDARD = "gnu++0x";
				CLANG_CXX_LIBRARY = "libc++";
				CLANG_ENABLE_MODULES = YES;
				CLANG_ENABLE_OBJC_ARC = YES;
				CLANG_WARN_BOOL_CONVERSION = YES;
				CLANG_WARN_CONSTANT_CONVERSION = YES;
				CLANG_WARN_DIRECT_OBJC_ISA_USAGE = YES_ERROR;
				CLANG_WARN_EMPTY_BODY = YES;
				CLANG_WARN_ENUM_CONVERSION = YES;
				CLANG_WARN_INT_CONVERSION = YES;
				CLANG_WARN_OBJC_ROOT_CLASS = YES_ERROR;
				CLANG_WARN_UNREACHABLE_CODE = YES;
				CLANG_WARN__DUPLICATE_METHOD_MATCH = YES;
				COMBINE_HIDPI_IMAGES = YES;
				COPY_PHASE_STRIP = NO;
				DEBUG_INFORMATION_FORMAT = dwarf;
				ENABLE_STRICT_OBJC_MSGSEND = YES;
				FRAMEWORK_SEARCH_PATHS = (
					"$(DEVELOPER_FRAMEWORKS_DIR)",
					"$(inherited)",
				);
				GCC_C_LANGUAGE_STANDARD = gnu99;
				GCC_DYNAMIC_NO_PIC = NO;
				GCC_NO_COMMON_BLOCKS = YES;
				GCC_OPTIMIZATION_LEVEL = 0;
				GCC_PREPROCESSOR_DEFINITIONS = (
					"DEBUG=1",
					"$(inherited)",
				);
				GCC_SYMBOLS_PRIVATE_EXTERN = NO;
				GCC_WARN_64_TO_32_BIT_CONVERSION = YES;
				GCC_WARN_ABOUT_RETURN_TYPE = YES_ERROR;
				GCC_WARN_UNDECLARED_SELECTOR = YES;
				GCC_WARN_UNINITIALIZED_AUTOS = YES_AGGRESSIVE;
				GCC_WARN_UNUSED_FUNCTION = YES;
				GCC_WARN_UNUSED_VARIABLE = YES;
				INFOPLIST_FILE = "KSPFetchedResultsControllerTests-Info.plist";
				LD_RUNPATH_SEARCH_PATHS = "$(inherited) @executable_path/../Frameworks @loader_path/../Frameworks";
				MACOSX_DEPLOYMENT_TARGET = 10.10;
				MTL_ENABLE_DEBUG_INFO = YES;
				ONLY_ACTIVE_ARCH = YES;
				PRODUCT_NAME = "$(TARGET_NAME)";
				SDKROOT = macosx;
			};
			name = Debug;
		};
		B5D647FC1AA752BA00BB90A4 /* Release */ = {
			isa = XCBuildConfiguration;
			buildSettings = {
				ALWAYS_SEARCH_USER_PATHS = NO;
				CLANG_CXX_LANGUAGE_STANDARD = "gnu++0x";
				CLANG_CXX_LIBRARY = "libc++";
				CLANG_ENABLE_MODULES = YES;
				CLANG_ENABLE_OBJC_ARC = YES;
				CLANG_WARN_BOOL_CONVERSION = YES;
				CLANG_WARN_CONSTANT_CONVERSION = YES;
				CLANG_WARN_DIRECT_OBJC_ISA_USAGE = YES_ERROR;
				CLANG_WARN_EMPTY_BODY = YES;
				CLANG_WARN_ENUM_CONVERSION = YES;
				CLANG_WARN_INT_CONVERSION = YES;
				CLANG_WARN_OBJC_ROOT_CLASS = YES_ERROR;
				CLANG_WARN_UNREACHABLE_CODE = YES;
				CLANG_WARN__DUPLICATE_METHOD_MATCH = YES;
				COMBINE_HIDPI_IMAGES = YES;
				COPY_PHASE_STRIP = NO;
				DEBUG_INFORMATION_FORMAT = "dwarf-with-dsym";
				ENABLE_NS_ASSERTIONS = NO;
				ENABLE_STRICT_OBJC_MSGSEND = YES;
				FRAMEWORK_SEARCH_PATHS = (
					"$(DEVELOPER_FRAMEWORKS_DIR)",
					"$(inherited)",
				);
				GCC_C_LANGUAGE_STANDARD = gnu99;
				GCC_NO_COMMON_BLOCKS = YES;
				GCC_WARN_64_TO_32_BIT_CONVERSION = YES;
				GCC_WARN_ABOUT_RETURN_TYPE = YES_ERROR;
				GCC_WARN_UNDECLARED_SELECTOR = YES;
				GCC_WARN_UNINITIALIZED_AUTOS = YES_AGGRESSIVE;
				GCC_WARN_UNUSED_FUNCTION = YES;
				GCC_WARN_UNUSED_VARIABLE = YES;
				INFOPLIST_FILE = "KSPFetchedResultsControllerTests-Info.plist";
				LD_RUNPATH_SEARCH_PATHS = "$(inherited) @executable_path/../Frameworks @loader_path/../Frameworks";
				MACOSX_DEPLOYMENT_TARGET = 10.10;
				MTL_ENABLE_DEBUG_INFO = NO;
				PRODUCT_NAME = "$(TARGET_NAME)";
				SDKROOT = macosx;
			};
			name = Release;
		};
/* End XCBuildConfiguration section */

/* Begin XCConfigurationList section */
		B525DA3D1A7D19F70036E346 /* Build configuration list for PBXProject "KSPFetchedResultsController" */ = {
			isa = XCConfigurationList;
			buildConfigurations = (
				B525DA3E1A7D19F70036E346 /* Debug */,
				B525DA3F1A7D19F70036E346 /* Release */,
			);
			defaultConfigurationIsVisible = 0;
			defaultConfigurationName = Release;
		};
		B5D647E61AA750A300BB90A4 /* Build configuration list for PBXNativeTarget "KSPFetchedResultsController" */ = {
			isa = XCConfigurationList;
			buildConfigurations = (
				B5D647E21AA750A300BB90A4 /* Debug */,
				B5D647E31AA750A300BB90A4 /* Release */,
			);
			defaultConfigurationIsVisible = 0;
		};
		B5D647FA1AA752BA00BB90A4 /* Build configuration list for PBXNativeTarget "KSPFetchedResultsController Tests" */ = {
			isa = XCConfigurationList;
			buildConfigurations = (
				B5D647FB1AA752BA00BB90A4 /* Debug */,
				B5D647FC1AA752BA00BB90A4 /* Release */,
			);
			defaultConfigurationIsVisible = 0;
		};
/* End XCConfigurationList section */
	};
	rootObject = B525DA3A1A7D19F70036E346 /* Project object */;
}
